
Microsoft Visual Studio Solution File, Format Version 12.00
# Visual Studio Version 16
VisualStudioVersion = 16.0.29509.3
MinimumVisualStudioVersion = 10.0.40219.1
Project("{FAE04EC0-301F-11D3-BF4B-00C04F79EFBC}") = "DatagridPoc", "DatagridPoc.csproj", "{89B54528-3A47-4FB6-939C-19069E4463F4}"
EndProject
Global
	GlobalSection(SolutionConfigurationPlatforms) = preSolution
		Debug|Any CPU = Debug|Any CPU
		Release|Any CPU = Release|Any CPU
	EndGlobalSection
	GlobalSection(ProjectConfigurationPlatforms) = postSolution
		{89B54528-3A47-4FB6-939C-19069E4463F4}.Debug|Any CPU.ActiveCfg = Debug|Any CPU
		{89B54528-3A47-4FB6-939C-19069E4463F4}.Debug|Any CPU.Build.0 = Debug|Any CPU
		{89B54528-3A47-4FB6-939C-19069E4463F4}.Release|Any CPU.ActiveCfg = Release|Any CPU
		{89B54528-3A47-4FB6-939C-19069E4463F4}.Release|Any CPU.Build.0 = Release|Any CPU
	EndGlobalSection
	GlobalSection(SolutionProperties) = preSolution
		HideSolutionNode = FALSE
	EndGlobalSection
	GlobalSection(ExtensibilityGlobals) = postSolution
		SolutionGuid = {90B70DF8-186E-4C5A-B5E4-20FBAE640E22}
	EndGlobalSection
EndGlobal
